
Microsoft Visual Studio Solution File, Format Version 12.00
# Visual Studio 15
VisualStudioVersion = 15.0.28307.645
MinimumVisualStudioVersion = 10.0.40219.1
Project("{9A19103F-16F7-4668-BE54-9A1E7A4F7556}") = "CommanPattern", "CommanPattern\CommanPattern.csproj", "{5EAD76B6-672C-45EF-87C0-BB00A05E3BEA}"
EndProject
Project("{9A19103F-16F7-4668-BE54-9A1E7A4F7556}") = "EventsDelegates", "EventsDelegates\EventsDelegates.csproj", "{674E9AEA-5F86-4E78-AB55-5008C339BDD6}"
EndProject
Project("{FAE04EC0-301F-11D3-BF4B-00C04F79EFBC}") = "CommandAPI", "CommandAPI\CommandAPI.csproj", "{3AB4BBA2-DBCD-4B2D-9DBE-62AC96B6D276}"
EndProject
Global
	GlobalSection(SolutionConfigurationPlatforms) = preSolution
		Debug|Any CPU = Debug|Any CPU
		Release|Any CPU = Release|Any CPU
	EndGlobalSection
	GlobalSection(ProjectConfigurationPlatforms) = postSolution
		{5EAD76B6-672C-45EF-87C0-BB00A05E3BEA}.Debug|Any CPU.ActiveCfg = Debug|Any CPU
		{5EAD76B6-672C-45EF-87C0-BB00A05E3BEA}.Debug|Any CPU.Build.0 = Debug|Any CPU
		{5EAD76B6-672C-45EF-87C0-BB00A05E3BEA}.Release|Any CPU.ActiveCfg = Release|Any CPU
		{5EAD76B6-672C-45EF-87C0-BB00A05E3BEA}.Release|Any CPU.Build.0 = Release|Any CPU
		{674E9AEA-5F86-4E78-AB55-5008C339BDD6}.Debug|Any CPU.ActiveCfg = Debug|Any CPU
		{674E9AEA-5F86-4E78-AB55-5008C339BDD6}.Debug|Any CPU.Build.0 = Debug|Any CPU
		{674E9AEA-5F86-4E78-AB55-5008C339BDD6}.Release|Any CPU.ActiveCfg = Release|Any CPU
		{674E9AEA-5F86-4E78-AB55-5008C339BDD6}.Release|Any CPU.Build.0 = Release|Any CPU
		{3AB4BBA2-DBCD-4B2D-9DBE-62AC96B6D276}.Debug|Any CPU.ActiveCfg = Debug|Any CPU
		{3AB4BBA2-DBCD-4B2D-9DBE-62AC96B6D276}.Debug|Any CPU.Build.0 = Debug|Any CPU
		{3AB4BBA2-DBCD-4B2D-9DBE-62AC96B6D276}.Release|Any CPU.ActiveCfg = Release|Any CPU
		{3AB4BBA2-DBCD-4B2D-9DBE-62AC96B6D276}.Release|Any CPU.Build.0 = Release|Any CPU
	EndGlobalSection
	GlobalSection(SolutionProperties) = preSolution
		HideSolutionNode = FALSE
	EndGlobalSection
	GlobalSection(ExtensibilityGlobals) = postSolution
		SolutionGuid = {BB4852CA-BFCB-4ED8-920E-8A3DA3384912}
	EndGlobalSection
EndGlobal
